
Microsoft Visual Studio Solution File, Format Version 12.00
# Visual Studio 15
VisualStudioVersion = 15.0.28010.2050
MinimumVisualStudioVersion = 10.0.40219.1
Project("{FAE04EC0-301F-11D3-BF4B-00C04F79EFBC}") = "Polygon", "WindowsFormsApp3\Polygon.csproj", "{FED50F67-E4A8-48DA-95C6-35C5036E7BBB}"
EndProject
Global
	GlobalSection(SolutionConfigurationPlatforms) = preSolution
		Debug|Any CPU = Debug|Any CPU
		Release|Any CPU = Release|Any CPU
	EndGlobalSection
	GlobalSection(ProjectConfigurationPlatforms) = postSolution
		{FED50F67-E4A8-48DA-95C6-35C5036E7BBB}.Debug|Any CPU.ActiveCfg = Debug|Any CPU
		{FED50F67-E4A8-48DA-95C6-35C5036E7BBB}.Debug|Any CPU.Build.0 = Debug|Any CPU
		{FED50F67-E4A8-48DA-95C6-35C5036E7BBB}.Release|Any CPU.ActiveCfg = Release|Any CPU
		{FED50F67-E4A8-48DA-95C6-35C5036E7BBB}.Release|Any CPU.Build.0 = Release|Any CPU
	EndGlobalSection
	GlobalSection(SolutionProperties) = preSolution
		HideSolutionNode = FALSE
	EndGlobalSection
	GlobalSection(ExtensibilityGlobals) = postSolution
		SolutionGuid = {10C406A6-5FB9-4507-BC7B-D6AE5F82B936}
	EndGlobalSection
EndGlobal
